
Microsoft Visual Studio Solution File, Format Version 12.00
# Visual Studio Version 16
VisualStudioVersion = 16.0.29613.14
MinimumVisualStudioVersion = 10.0.40219.1
Project("{9A19103F-16F7-4668-BE54-9A1E7A4F7556}") = "Mobile.Solution", "Mobile.Solution\Mobile.Solution.csproj", "{BEF22B3A-F33B-4DE4-9572-4956B2348704}"
EndProject
Project("{9A19103F-16F7-4668-BE54-9A1E7A4F7556}") = "Mobile.variable", "Mobile.variable\Mobile.variable.csproj", "{CDB1E943-DEC4-4DB5-BD76-5CAAB816B7CB}"
EndProject
Project("{9A19103F-16F7-4668-BE54-9A1E7A4F7556}") = "Mobile.Converssion", "Mobile.Converssion\Mobile.Converssion.csproj", "{966F7F2B-5472-423A-A9DE-B0EB1DB190E0}"
EndProject
Project("{2150E333-8FDC-42A3-9474-1A3956D46DE8}") = "Demo", "Demo", "{653E8B30-5894-4C91-89AB-CA02F3ED2E8A}"
EndProject
Project("{2150E333-8FDC-42A3-9474-1A3956D46DE8}") = "Exo", "Exo", "{B90CD2DA-B52F-487E-98D4-9B2C105B5F86}"
EndProject
Project("{9A19103F-16F7-4668-BE54-9A1E7A4F7556}") = "ExoPage104", "ExoPage104\ExoPage104.csproj", "{5917CED3-31C5-4066-88EF-8485F4A84BB6}"
EndProject
Project("{9A19103F-16F7-4668-BE54-9A1E7A4F7556}") = "ExoPage114", "ExoPage114\ExoPage114.csproj", "{190BF862-D354-4DBE-BF32-723E2B2A35EA}"
EndProject
Project("{9A19103F-16F7-4668-BE54-9A1E7A4F7556}") = "ExoPage138A", "ExoPage138A\ExoPage138A.csproj", "{152AD597-55BC-4841-8E11-386ED9B12DCB}"
EndProject
Project("{9A19103F-16F7-4668-BE54-9A1E7A4F7556}") = "ExoPage138B", "ExoPage138B\ExoPage138B.csproj", "{6B867469-4E63-4D08-8CDE-C5865C8B0647}"
EndProject
Project("{9A19103F-16F7-4668-BE54-9A1E7A4F7556}") = "ExoPage138C", "ExoPage138C\ExoPage138C.csproj", "{7116FFA8-9EE1-4B2C-81DF-F811348CC6E1}"
EndProject
Project("{9A19103F-16F7-4668-BE54-9A1E7A4F7556}") = "Mobile.Boucles", "Mobile.Boucles\Mobile.Boucles.csproj", "{CDF301A2-3F7C-4EE1-AC71-ED1F329C0C3E}"
EndProject
Project("{9A19103F-16F7-4668-BE54-9A1E7A4F7556}") = "ExoPage148A", "ExoPage148A\ExoPage148A.csproj", "{ED30E6BB-CFC9-4328-BD80-528F01340588}"
EndProject
Project("{9A19103F-16F7-4668-BE54-9A1E7A4F7556}") = "ExoPage148B", "ExoPage148B\ExoPage148B.csproj", "{797E3838-6242-4019-817C-40ABE083AE7A}"
EndProject
Project("{9A19103F-16F7-4668-BE54-9A1E7A4F7556}") = "ExoPage148C", "ExoPage148C\ExoPage148C.csproj", "{4503EDB3-E0A8-4DD2-BC53-BB2C8514A22A}"
EndProject
Project("{9A19103F-16F7-4668-BE54-9A1E7A4F7556}") = "ExoPage148D", "ExoPage148D\ExoPage148D.csproj", "{5DF2708B-7D47-4E39-87E6-9E47DE7931BB}"
EndProject
Project("{9A19103F-16F7-4668-BE54-9A1E7A4F7556}") = "ExoPage148E", "ExoPage148E\ExoPage148E.csproj", "{4DB8DEF7-903D-4748-A50E-0AA18AC9A726}"
EndProject
Project("{9A19103F-16F7-4668-BE54-9A1E7A4F7556}") = "Mobile.Array", "Mobile.Tableaux\Mobile.Array.csproj", "{E23A44B4-41CB-441F-B019-30516C768B82}"
EndProject
Project("{9A19103F-16F7-4668-BE54-9A1E7A4F7556}") = "Mobile.Matrice", "Mobile.Matrice\Mobile.Matrice.csproj", "{9D957B75-B764-459F-984F-68142068AE87}"
EndProject
Project("{9A19103F-16F7-4668-BE54-9A1E7A4F7556}") = "Mobile.List", "Mobile.ArrayList\Mobile.List.csproj", "{5102D8C0-A225-4533-AC3B-62391EBEF485}"
EndProject
Project("{9A19103F-16F7-4668-BE54-9A1E7A4F7556}") = "Mobile.Strucutre", "Mobile.Strucutre\Mobile.Strucutre.csproj", "{E5C12624-160C-408A-9873-987204F772C3}"
EndProject
Project("{9A19103F-16F7-4668-BE54-9A1E7A4F7556}") = "ExoPage171A", "ExoPage171A\ExoPage171A.csproj", "{B4B309DC-E40F-40D0-8462-A6B8707364A8}"
EndProject
Project("{9A19103F-16F7-4668-BE54-9A1E7A4F7556}") = "testTabAffiche", "testTabAffiche\testTabAffiche.csproj", "{E9BBBDCB-6A4A-464D-B5B2-8C5ACB5570A5}"
EndProject
Project("{9A19103F-16F7-4668-BE54-9A1E7A4F7556}") = "Mobile.Methode", "Mobile.Methode\Mobile.Methode.csproj", "{87BCFC48-24DD-4E4F-B06B-B54267A27C2C}"
EndProject
Project("{9A19103F-16F7-4668-BE54-9A1E7A4F7556}") = "ExoPage192A", "ExoPage192A\ExoPage192A.csproj", "{ED3EBBFC-BD2F-487C-9B64-1DD010DB1486}"
EndProject
Project("{9A19103F-16F7-4668-BE54-9A1E7A4F7556}") = "ExoPage192B", "ExoPage192B\ExoPage192B.csproj", "{48B8EAD0-507A-4713-9E6B-068E60EA78AB}"
EndProject
Project("{9A19103F-16F7-4668-BE54-9A1E7A4F7556}") = "Mobile.Enum", "Mobile.Enum\Mobile.Enum.csproj", "{5AB675B6-8C52-4258-8AB9-2153E6F2D2D4}"
EndProject
Project("{9A19103F-16F7-4668-BE54-9A1E7A4F7556}") = "ExoPage203A", "ExoPage203A\ExoPage203A.csproj", "{CC6F3E01-150B-47F7-90B8-5DEBDD20DEDD}"
EndProject
Project("{9A19103F-16F7-4668-BE54-9A1E7A4F7556}") = "ExoPage203B", "ExoPage203B\ExoPage203B.csproj", "{5543F353-B979-4A95-A424-04DEDB9A1A5D}"
EndProject
Project("{9A19103F-16F7-4668-BE54-9A1E7A4F7556}") = "ExoPage203C", "ExoPage203C\ExoPage203C.csproj", "{96804CF9-8776-4C25-8095-32AF0B05A43F}"
EndProject
Project("{9A19103F-16F7-4668-BE54-9A1E7A4F7556}") = "ExoPAge203Correction", "ExoPAge203Correction\ExoPAge203Correction.csproj", "{92DC9A27-5B18-4437-8752-9698AA0FB69C}"
EndProject
Project("{2150E333-8FDC-42A3-9474-1A3956D46DE8}") = "OrienteObject", "OrienteObject", "{53DA8FD2-17E3-47CE-8C14-196F3E2434F2}"
EndProject
Project("{2150E333-8FDC-42A3-9474-1A3956D46DE8}") = "Fondamentale", "Fondamentale", "{C69CDE8C-DFDD-4D52-B94C-087E3B4199E6}"
EndProject
Project("{9A19103F-16F7-4668-BE54-9A1E7A4F7556}") = "Mobnile.Heritage", "Mobnile.Heritage\Mobnile.Heritage.csproj", "{B51A0BC4-B4AE-433A-9249-515B113256B1}"
EndProject
Project("{9A19103F-16F7-4668-BE54-9A1E7A4F7556}") = "Mobile.Polymorphisme", "Mobile.Polymorphisme\Mobile.Polymorphisme.csproj", "{B15E4141-9320-4ACE-ACCD-B8B88B05FCE5}"
EndProject
Project("{FAE04EC0-301F-11D3-BF4B-00C04F79EFBC}") = "Mobile.Abstrait", "Mobile.Abstrait\Mobile.Abstrait.csproj", "{52F55C79-17FC-47CB-8165-942D8DB78BF2}"
EndProject
Global
	GlobalSection(SolutionConfigurationPlatforms) = preSolution
		Debug|Any CPU = Debug|Any CPU
		Release|Any CPU = Release|Any CPU
	EndGlobalSection
	GlobalSection(ProjectConfigurationPlatforms) = postSolution
		{BEF22B3A-F33B-4DE4-9572-4956B2348704}.Debug|Any CPU.ActiveCfg = Debug|Any CPU
		{BEF22B3A-F33B-4DE4-9572-4956B2348704}.Debug|Any CPU.Build.0 = Debug|Any CPU
		{BEF22B3A-F33B-4DE4-9572-4956B2348704}.Release|Any CPU.ActiveCfg = Release|Any CPU
		{BEF22B3A-F33B-4DE4-9572-4956B2348704}.Release|Any CPU.Build.0 = Release|Any CPU
		{CDB1E943-DEC4-4DB5-BD76-5CAAB816B7CB}.Debug|Any CPU.ActiveCfg = Debug|Any CPU
		{CDB1E943-DEC4-4DB5-BD76-5CAAB816B7CB}.Debug|Any CPU.Build.0 = Debug|Any CPU
		{CDB1E943-DEC4-4DB5-BD76-5CAAB816B7CB}.Release|Any CPU.ActiveCfg = Release|Any CPU
		{CDB1E943-DEC4-4DB5-BD76-5CAAB816B7CB}.Release|Any CPU.Build.0 = Release|Any CPU
		{966F7F2B-5472-423A-A9DE-B0EB1DB190E0}.Debug|Any CPU.ActiveCfg = Debug|Any CPU
		{966F7F2B-5472-423A-A9DE-B0EB1DB190E0}.Debug|Any CPU.Build.0 = Debug|Any CPU
		{966F7F2B-5472-423A-A9DE-B0EB1DB190E0}.Release|Any CPU.ActiveCfg = Release|Any CPU
		{966F7F2B-5472-423A-A9DE-B0EB1DB190E0}.Release|Any CPU.Build.0 = Release|Any CPU
		{5917CED3-31C5-4066-88EF-8485F4A84BB6}.Debug|Any CPU.ActiveCfg = Debug|Any CPU
		{5917CED3-31C5-4066-88EF-8485F4A84BB6}.Debug|Any CPU.Build.0 = Debug|Any CPU
		{5917CED3-31C5-4066-88EF-8485F4A84BB6}.Release|Any CPU.ActiveCfg = Release|Any CPU
		{5917CED3-31C5-4066-88EF-8485F4A84BB6}.Release|Any CPU.Build.0 = Release|Any CPU
		{190BF862-D354-4DBE-BF32-723E2B2A35EA}.Debug|Any CPU.ActiveCfg = Debug|Any CPU
		{190BF862-D354-4DBE-BF32-723E2B2A35EA}.Debug|Any CPU.Build.0 = Debug|Any CPU
		{190BF862-D354-4DBE-BF32-723E2B2A35EA}.Release|Any CPU.ActiveCfg = Release|Any CPU
		{190BF862-D354-4DBE-BF32-723E2B2A35EA}.Release|Any CPU.Build.0 = Release|Any CPU
		{152AD597-55BC-4841-8E11-386ED9B12DCB}.Debug|Any CPU.ActiveCfg = Debug|Any CPU
		{152AD597-55BC-4841-8E11-386ED9B12DCB}.Debug|Any CPU.Build.0 = Debug|Any CPU
		{152AD597-55BC-4841-8E11-386ED9B12DCB}.Release|Any CPU.ActiveCfg = Release|Any CPU
		{152AD597-55BC-4841-8E11-386ED9B12DCB}.Release|Any CPU.Build.0 = Release|Any CPU
		{6B867469-4E63-4D08-8CDE-C5865C8B0647}.Debug|Any CPU.ActiveCfg = Debug|Any CPU
		{6B867469-4E63-4D08-8CDE-C5865C8B0647}.Debug|Any CPU.Build.0 = Debug|Any CPU
		{6B867469-4E63-4D08-8CDE-C5865C8B0647}.Release|Any CPU.ActiveCfg = Release|Any CPU
		{6B867469-4E63-4D08-8CDE-C5865C8B0647}.Release|Any CPU.Build.0 = Release|Any CPU
		{7116FFA8-9EE1-4B2C-81DF-F811348CC6E1}.Debug|Any CPU.ActiveCfg = Debug|Any CPU
		{7116FFA8-9EE1-4B2C-81DF-F811348CC6E1}.Debug|Any CPU.Build.0 = Debug|Any CPU
		{7116FFA8-9EE1-4B2C-81DF-F811348CC6E1}.Release|Any CPU.ActiveCfg = Release|Any CPU
		{7116FFA8-9EE1-4B2C-81DF-F811348CC6E1}.Release|Any CPU.Build.0 = Release|Any CPU
		{CDF301A2-3F7C-4EE1-AC71-ED1F329C0C3E}.Debug|Any CPU.ActiveCfg = Debug|Any CPU
		{CDF301A2-3F7C-4EE1-AC71-ED1F329C0C3E}.Debug|Any CPU.Build.0 = Debug|Any CPU
		{CDF301A2-3F7C-4EE1-AC71-ED1F329C0C3E}.Release|Any CPU.ActiveCfg = Release|Any CPU
		{CDF301A2-3F7C-4EE1-AC71-ED1F329C0C3E}.Release|Any CPU.Build.0 = Release|Any CPU
		{ED30E6BB-CFC9-4328-BD80-528F01340588}.Debug|Any CPU.ActiveCfg = Debug|Any CPU
		{ED30E6BB-CFC9-4328-BD80-528F01340588}.Debug|Any CPU.Build.0 = Debug|Any CPU
		{ED30E6BB-CFC9-4328-BD80-528F01340588}.Release|Any CPU.ActiveCfg = Release|Any CPU
		{ED30E6BB-CFC9-4328-BD80-528F01340588}.Release|Any CPU.Build.0 = Release|Any CPU
		{797E3838-6242-4019-817C-40ABE083AE7A}.Debug|Any CPU.ActiveCfg = Debug|Any CPU
		{797E3838-6242-4019-817C-40ABE083AE7A}.Debug|Any CPU.Build.0 = Debug|Any CPU
		{797E3838-6242-4019-817C-40ABE083AE7A}.Release|Any CPU.ActiveCfg = Release|Any CPU
		{797E3838-6242-4019-817C-40ABE083AE7A}.Release|Any CPU.Build.0 = Release|Any CPU
		{4503EDB3-E0A8-4DD2-BC53-BB2C8514A22A}.Debug|Any CPU.ActiveCfg = Debug|Any CPU
		{4503EDB3-E0A8-4DD2-BC53-BB2C8514A22A}.Debug|Any CPU.Build.0 = Debug|Any CPU
		{4503EDB3-E0A8-4DD2-BC53-BB2C8514A22A}.Release|Any CPU.ActiveCfg = Release|Any CPU
		{4503EDB3-E0A8-4DD2-BC53-BB2C8514A22A}.Release|Any CPU.Build.0 = Release|Any CPU
		{5DF2708B-7D47-4E39-87E6-9E47DE7931BB}.Debug|Any CPU.ActiveCfg = Debug|Any CPU
		{5DF2708B-7D47-4E39-87E6-9E47DE7931BB}.Debug|Any CPU.Build.0 = Debug|Any CPU
		{5DF2708B-7D47-4E39-87E6-9E47DE7931BB}.Release|Any CPU.ActiveCfg = Release|Any CPU
		{5DF2708B-7D47-4E39-87E6-9E47DE7931BB}.Release|Any CPU.Build.0 = Release|Any CPU
		{4DB8DEF7-903D-4748-A50E-0AA18AC9A726}.Debug|Any CPU.ActiveCfg = Debug|Any CPU
		{4DB8DEF7-903D-4748-A50E-0AA18AC9A726}.Debug|Any CPU.Build.0 = Debug|Any CPU
		{4DB8DEF7-903D-4748-A50E-0AA18AC9A726}.Release|Any CPU.ActiveCfg = Release|Any CPU
		{4DB8DEF7-903D-4748-A50E-0AA18AC9A726}.Release|Any CPU.Build.0 = Release|Any CPU
		{E23A44B4-41CB-441F-B019-30516C768B82}.Debug|Any CPU.ActiveCfg = Debug|Any CPU
		{E23A44B4-41CB-441F-B019-30516C768B82}.Debug|Any CPU.Build.0 = Debug|Any CPU
		{E23A44B4-41CB-441F-B019-30516C768B82}.Release|Any CPU.ActiveCfg = Release|Any CPU
		{E23A44B4-41CB-441F-B019-30516C768B82}.Release|Any CPU.Build.0 = Release|Any CPU
		{9D957B75-B764-459F-984F-68142068AE87}.Debug|Any CPU.ActiveCfg = Debug|Any CPU
		{9D957B75-B764-459F-984F-68142068AE87}.Debug|Any CPU.Build.0 = Debug|Any CPU
		{9D957B75-B764-459F-984F-68142068AE87}.Release|Any CPU.ActiveCfg = Release|Any CPU
		{9D957B75-B764-459F-984F-68142068AE87}.Release|Any CPU.Build.0 = Release|Any CPU
		{5102D8C0-A225-4533-AC3B-62391EBEF485}.Debug|Any CPU.ActiveCfg = Debug|Any CPU
		{5102D8C0-A225-4533-AC3B-62391EBEF485}.Debug|Any CPU.Build.0 = Debug|Any CPU
		{5102D8C0-A225-4533-AC3B-62391EBEF485}.Release|Any CPU.ActiveCfg = Release|Any CPU
		{5102D8C0-A225-4533-AC3B-62391EBEF485}.Release|Any CPU.Build.0 = Release|Any CPU
		{E5C12624-160C-408A-9873-987204F772C3}.Debug|Any CPU.ActiveCfg = Debug|Any CPU
		{E5C12624-160C-408A-9873-987204F772C3}.Debug|Any CPU.Build.0 = Debug|Any CPU
		{E5C12624-160C-408A-9873-987204F772C3}.Release|Any CPU.ActiveCfg = Release|Any CPU
		{E5C12624-160C-408A-9873-987204F772C3}.Release|Any CPU.Build.0 = Release|Any CPU
		{B4B309DC-E40F-40D0-8462-A6B8707364A8}.Debug|Any CPU.ActiveCfg = Debug|Any CPU
		{B4B309DC-E40F-40D0-8462-A6B8707364A8}.Debug|Any CPU.Build.0 = Debug|Any CPU
		{B4B309DC-E40F-40D0-8462-A6B8707364A8}.Release|Any CPU.ActiveCfg = Release|Any CPU
		{B4B309DC-E40F-40D0-8462-A6B8707364A8}.Release|Any CPU.Build.0 = Release|Any CPU
		{E9BBBDCB-6A4A-464D-B5B2-8C5ACB5570A5}.Debug|Any CPU.ActiveCfg = Debug|Any CPU
		{E9BBBDCB-6A4A-464D-B5B2-8C5ACB5570A5}.Debug|Any CPU.Build.0 = Debug|Any CPU
		{E9BBBDCB-6A4A-464D-B5B2-8C5ACB5570A5}.Release|Any CPU.ActiveCfg = Release|Any CPU
		{E9BBBDCB-6A4A-464D-B5B2-8C5ACB5570A5}.Release|Any CPU.Build.0 = Release|Any CPU
		{87BCFC48-24DD-4E4F-B06B-B54267A27C2C}.Debug|Any CPU.ActiveCfg = Debug|Any CPU
		{87BCFC48-24DD-4E4F-B06B-B54267A27C2C}.Debug|Any CPU.Build.0 = Debug|Any CPU
		{87BCFC48-24DD-4E4F-B06B-B54267A27C2C}.Release|Any CPU.ActiveCfg = Release|Any CPU
		{87BCFC48-24DD-4E4F-B06B-B54267A27C2C}.Release|Any CPU.Build.0 = Release|Any CPU
		{ED3EBBFC-BD2F-487C-9B64-1DD010DB1486}.Debug|Any CPU.ActiveCfg = Debug|Any CPU
		{ED3EBBFC-BD2F-487C-9B64-1DD010DB1486}.Debug|Any CPU.Build.0 = Debug|Any CPU
		{ED3EBBFC-BD2F-487C-9B64-1DD010DB1486}.Release|Any CPU.ActiveCfg = Release|Any CPU
		{ED3EBBFC-BD2F-487C-9B64-1DD010DB1486}.Release|Any CPU.Build.0 = Release|Any CPU
		{48B8EAD0-507A-4713-9E6B-068E60EA78AB}.Debug|Any CPU.ActiveCfg = Debug|Any CPU
		{48B8EAD0-507A-4713-9E6B-068E60EA78AB}.Debug|Any CPU.Build.0 = Debug|Any CPU
		{48B8EAD0-507A-4713-9E6B-068E60EA78AB}.Release|Any CPU.ActiveCfg = Release|Any CPU
		{48B8EAD0-507A-4713-9E6B-068E60EA78AB}.Release|Any CPU.Build.0 = Release|Any CPU
		{5AB675B6-8C52-4258-8AB9-2153E6F2D2D4}.Debug|Any CPU.ActiveCfg = Debug|Any CPU
		{5AB675B6-8C52-4258-8AB9-2153E6F2D2D4}.Debug|Any CPU.Build.0 = Debug|Any CPU
		{5AB675B6-8C52-4258-8AB9-2153E6F2D2D4}.Release|Any CPU.ActiveCfg = Release|Any CPU
		{5AB675B6-8C52-4258-8AB9-2153E6F2D2D4}.Release|Any CPU.Build.0 = Release|Any CPU
		{CC6F3E01-150B-47F7-90B8-5DEBDD20DEDD}.Debug|Any CPU.ActiveCfg = Debug|Any CPU
		{CC6F3E01-150B-47F7-90B8-5DEBDD20DEDD}.Debug|Any CPU.Build.0 = Debug|Any CPU
		{CC6F3E01-150B-47F7-90B8-5DEBDD20DEDD}.Release|Any CPU.ActiveCfg = Release|Any CPU
		{CC6F3E01-150B-47F7-90B8-5DEBDD20DEDD}.Release|Any CPU.Build.0 = Release|Any CPU
		{5543F353-B979-4A95-A424-04DEDB9A1A5D}.Debug|Any CPU.ActiveCfg = Debug|Any CPU
		{5543F353-B979-4A95-A424-04DEDB9A1A5D}.Debug|Any CPU.Build.0 = Debug|Any CPU
		{5543F353-B979-4A95-A424-04DEDB9A1A5D}.Release|Any CPU.ActiveCfg = Release|Any CPU
		{5543F353-B979-4A95-A424-04DEDB9A1A5D}.Release|Any CPU.Build.0 = Release|Any CPU
		{96804CF9-8776-4C25-8095-32AF0B05A43F}.Debug|Any CPU.ActiveCfg = Debug|Any CPU
		{96804CF9-8776-4C25-8095-32AF0B05A43F}.Debug|Any CPU.Build.0 = Debug|Any CPU
		{96804CF9-8776-4C25-8095-32AF0B05A43F}.Release|Any CPU.ActiveCfg = Release|Any CPU
		{96804CF9-8776-4C25-8095-32AF0B05A43F}.Release|Any CPU.Build.0 = Release|Any CPU
		{92DC9A27-5B18-4437-8752-9698AA0FB69C}.Debug|Any CPU.ActiveCfg = Debug|Any CPU
		{92DC9A27-5B18-4437-8752-9698AA0FB69C}.Debug|Any CPU.Build.0 = Debug|Any CPU
		{92DC9A27-5B18-4437-8752-9698AA0FB69C}.Release|Any CPU.ActiveCfg = Release|Any CPU
		{92DC9A27-5B18-4437-8752-9698AA0FB69C}.Release|Any CPU.Build.0 = Release|Any CPU
		{B51A0BC4-B4AE-433A-9249-515B113256B1}.Debug|Any CPU.ActiveCfg = Debug|Any CPU
		{B51A0BC4-B4AE-433A-9249-515B113256B1}.Debug|Any CPU.Build.0 = Debug|Any CPU
		{B51A0BC4-B4AE-433A-9249-515B113256B1}.Release|Any CPU.ActiveCfg = Release|Any CPU
		{B51A0BC4-B4AE-433A-9249-515B113256B1}.Release|Any CPU.Build.0 = Release|Any CPU
		{B15E4141-9320-4ACE-ACCD-B8B88B05FCE5}.Debug|Any CPU.ActiveCfg = Debug|Any CPU
		{B15E4141-9320-4ACE-ACCD-B8B88B05FCE5}.Debug|Any CPU.Build.0 = Debug|Any CPU
		{B15E4141-9320-4ACE-ACCD-B8B88B05FCE5}.Release|Any CPU.ActiveCfg = Release|Any CPU
		{B15E4141-9320-4ACE-ACCD-B8B88B05FCE5}.Release|Any CPU.Build.0 = Release|Any CPU
		{52F55C79-17FC-47CB-8165-942D8DB78BF2}.Debug|Any CPU.ActiveCfg = Debug|Any CPU
		{52F55C79-17FC-47CB-8165-942D8DB78BF2}.Debug|Any CPU.Build.0 = Debug|Any CPU
		{52F55C79-17FC-47CB-8165-942D8DB78BF2}.Release|Any CPU.ActiveCfg = Release|Any CPU
		{52F55C79-17FC-47CB-8165-942D8DB78BF2}.Release|Any CPU.Build.0 = Release|Any CPU
	EndGlobalSection
	GlobalSection(SolutionProperties) = preSolution
		HideSolutionNode = FALSE
	EndGlobalSection
	GlobalSection(NestedProjects) = preSolution
		{BEF22B3A-F33B-4DE4-9572-4956B2348704} = {653E8B30-5894-4C91-89AB-CA02F3ED2E8A}
		{CDB1E943-DEC4-4DB5-BD76-5CAAB816B7CB} = {653E8B30-5894-4C91-89AB-CA02F3ED2E8A}
		{966F7F2B-5472-423A-A9DE-B0EB1DB190E0} = {653E8B30-5894-4C91-89AB-CA02F3ED2E8A}
		{5917CED3-31C5-4066-88EF-8485F4A84BB6} = {C69CDE8C-DFDD-4D52-B94C-087E3B4199E6}
		{190BF862-D354-4DBE-BF32-723E2B2A35EA} = {C69CDE8C-DFDD-4D52-B94C-087E3B4199E6}
		{152AD597-55BC-4841-8E11-386ED9B12DCB} = {C69CDE8C-DFDD-4D52-B94C-087E3B4199E6}
		{6B867469-4E63-4D08-8CDE-C5865C8B0647} = {C69CDE8C-DFDD-4D52-B94C-087E3B4199E6}
		{7116FFA8-9EE1-4B2C-81DF-F811348CC6E1} = {C69CDE8C-DFDD-4D52-B94C-087E3B4199E6}
		{CDF301A2-3F7C-4EE1-AC71-ED1F329C0C3E} = {653E8B30-5894-4C91-89AB-CA02F3ED2E8A}
		{ED30E6BB-CFC9-4328-BD80-528F01340588} = {C69CDE8C-DFDD-4D52-B94C-087E3B4199E6}
		{797E3838-6242-4019-817C-40ABE083AE7A} = {C69CDE8C-DFDD-4D52-B94C-087E3B4199E6}
		{4503EDB3-E0A8-4DD2-BC53-BB2C8514A22A} = {C69CDE8C-DFDD-4D52-B94C-087E3B4199E6}
		{5DF2708B-7D47-4E39-87E6-9E47DE7931BB} = {C69CDE8C-DFDD-4D52-B94C-087E3B4199E6}
		{4DB8DEF7-903D-4748-A50E-0AA18AC9A726} = {C69CDE8C-DFDD-4D52-B94C-087E3B4199E6}
		{E23A44B4-41CB-441F-B019-30516C768B82} = {653E8B30-5894-4C91-89AB-CA02F3ED2E8A}
		{9D957B75-B764-459F-984F-68142068AE87} = {653E8B30-5894-4C91-89AB-CA02F3ED2E8A}
		{5102D8C0-A225-4533-AC3B-62391EBEF485} = {653E8B30-5894-4C91-89AB-CA02F3ED2E8A}
		{E5C12624-160C-408A-9873-987204F772C3} = {653E8B30-5894-4C91-89AB-CA02F3ED2E8A}
		{B4B309DC-E40F-40D0-8462-A6B8707364A8} = {C69CDE8C-DFDD-4D52-B94C-087E3B4199E6}
		{E9BBBDCB-6A4A-464D-B5B2-8C5ACB5570A5} = {C69CDE8C-DFDD-4D52-B94C-087E3B4199E6}
		{87BCFC48-24DD-4E4F-B06B-B54267A27C2C} = {653E8B30-5894-4C91-89AB-CA02F3ED2E8A}
		{ED3EBBFC-BD2F-487C-9B64-1DD010DB1486} = {C69CDE8C-DFDD-4D52-B94C-087E3B4199E6}
		{48B8EAD0-507A-4713-9E6B-068E60EA78AB} = {C69CDE8C-DFDD-4D52-B94C-087E3B4199E6}
		{5AB675B6-8C52-4258-8AB9-2153E6F2D2D4} = {653E8B30-5894-4C91-89AB-CA02F3ED2E8A}
		{CC6F3E01-150B-47F7-90B8-5DEBDD20DEDD} = {C69CDE8C-DFDD-4D52-B94C-087E3B4199E6}
		{5543F353-B979-4A95-A424-04DEDB9A1A5D} = {C69CDE8C-DFDD-4D52-B94C-087E3B4199E6}
		{96804CF9-8776-4C25-8095-32AF0B05A43F} = {C69CDE8C-DFDD-4D52-B94C-087E3B4199E6}
		{92DC9A27-5B18-4437-8752-9698AA0FB69C} = {C69CDE8C-DFDD-4D52-B94C-087E3B4199E6}
		{53DA8FD2-17E3-47CE-8C14-196F3E2434F2} = {B90CD2DA-B52F-487E-98D4-9B2C105B5F86}
		{C69CDE8C-DFDD-4D52-B94C-087E3B4199E6} = {B90CD2DA-B52F-487E-98D4-9B2C105B5F86}
		{B51A0BC4-B4AE-433A-9249-515B113256B1} = {653E8B30-5894-4C91-89AB-CA02F3ED2E8A}
		{B15E4141-9320-4ACE-ACCD-B8B88B05FCE5} = {653E8B30-5894-4C91-89AB-CA02F3ED2E8A}
		{52F55C79-17FC-47CB-8165-942D8DB78BF2} = {653E8B30-5894-4C91-89AB-CA02F3ED2E8A}
	EndGlobalSection
	GlobalSection(ExtensibilityGlobals) = postSolution
		SolutionGuid = {55F239FA-D4A8-4517-A73A-632CA093E2FC}
	EndGlobalSection
EndGlobal
