
Microsoft Visual Studio Solution File, Format Version 12.00
# Visual Studio Version 16
VisualStudioVersion = 16.0.31624.102
MinimumVisualStudioVersion = 10.0.40219.1
Project("{FAE04EC0-301F-11D3-BF4B-00C04F79EFBC}") = "CourseAutomobile", "CourseAutomobile\CourseAutomobile.csproj", "{FE0C280F-9BF0-4CE8-8157-CDF708797A05}"
EndProject
Global
	GlobalSection(SolutionConfigurationPlatforms) = preSolution
		Debug|Any CPU = Debug|Any CPU
		Release|Any CPU = Release|Any CPU
	EndGlobalSection
	GlobalSection(ProjectConfigurationPlatforms) = postSolution
		{FE0C280F-9BF0-4CE8-8157-CDF708797A05}.Debug|Any CPU.ActiveCfg = Debug|Any CPU
		{FE0C280F-9BF0-4CE8-8157-CDF708797A05}.Debug|Any CPU.Build.0 = Debug|Any CPU
		{FE0C280F-9BF0-4CE8-8157-CDF708797A05}.Release|Any CPU.ActiveCfg = Release|Any CPU
		{FE0C280F-9BF0-4CE8-8157-CDF708797A05}.Release|Any CPU.Build.0 = Release|Any CPU
	EndGlobalSection
	GlobalSection(SolutionProperties) = preSolution
		HideSolutionNode = FALSE
	EndGlobalSection
	GlobalSection(ExtensibilityGlobals) = postSolution
		SolutionGuid = {34C66CD5-59DD-4E49-8B75-5CBBA6E1B1E2}
	EndGlobalSection
EndGlobal
