
Microsoft Visual Studio Solution File, Format Version 12.00
# Visual Studio Version 16
VisualStudioVersion = 16.0.31727.386
MinimumVisualStudioVersion = 10.0.40219.1
Project("{FAE04EC0-301F-11D3-BF4B-00C04F79EFBC}") = "XamarinSample.UWP", "XamarinSample\XamarinSample.UWP\XamarinSample.UWP.csproj", "{B6101608-A28E-4C30-AC00-B2AC44FAB343}"
EndProject
Project("{FAE04EC0-301F-11D3-BF4B-00C04F79EFBC}") = "XamarinSample.Android", "XamarinSample\XamarinSample.Android\XamarinSample.Android.csproj", "{02B39670-9DA7-4BF5-BE66-167C1807E5A7}"
EndProject
Project("{FAE04EC0-301F-11D3-BF4B-00C04F79EFBC}") = "XamarinSample", "XamarinSample\XamarinSample\XamarinSample.csproj", "{8F006945-9CF3-4D37-82B5-93ABA9FDD1FD}"
EndProject
Global
	GlobalSection(SolutionConfigurationPlatforms) = preSolution
		Debug|Any CPU = Debug|Any CPU
		Debug|ARM = Debug|ARM
		Debug|x64 = Debug|x64
		Debug|x86 = Debug|x86
		Release|Any CPU = Release|Any CPU
		Release|ARM = Release|ARM
		Release|x64 = Release|x64
		Release|x86 = Release|x86
	EndGlobalSection
	GlobalSection(ProjectConfigurationPlatforms) = postSolution
		{B6101608-A28E-4C30-AC00-B2AC44FAB343}.Debug|Any CPU.ActiveCfg = Debug|x86
		{B6101608-A28E-4C30-AC00-B2AC44FAB343}.Debug|Any CPU.Build.0 = Debug|x86
		{B6101608-A28E-4C30-AC00-B2AC44FAB343}.Debug|Any CPU.Deploy.0 = Debug|x86
		{B6101608-A28E-4C30-AC00-B2AC44FAB343}.Debug|ARM.ActiveCfg = Debug|ARM
		{B6101608-A28E-4C30-AC00-B2AC44FAB343}.Debug|ARM.Build.0 = Debug|ARM
		{B6101608-A28E-4C30-AC00-B2AC44FAB343}.Debug|ARM.Deploy.0 = Debug|ARM
		{B6101608-A28E-4C30-AC00-B2AC44FAB343}.Debug|x64.ActiveCfg = Debug|x64
		{B6101608-A28E-4C30-AC00-B2AC44FAB343}.Debug|x64.Build.0 = Debug|x64
		{B6101608-A28E-4C30-AC00-B2AC44FAB343}.Debug|x64.Deploy.0 = Debug|x64
		{B6101608-A28E-4C30-AC00-B2AC44FAB343}.Debug|x86.ActiveCfg = Debug|x86
		{B6101608-A28E-4C30-AC00-B2AC44FAB343}.Debug|x86.Build.0 = Debug|x86
		{B6101608-A28E-4C30-AC00-B2AC44FAB343}.Debug|x86.Deploy.0 = Debug|x86
		{B6101608-A28E-4C30-AC00-B2AC44FAB343}.Release|Any CPU.ActiveCfg = Release|x86
		{B6101608-A28E-4C30-AC00-B2AC44FAB343}.Release|Any CPU.Build.0 = Release|x86
		{B6101608-A28E-4C30-AC00-B2AC44FAB343}.Release|Any CPU.Deploy.0 = Release|x86
		{B6101608-A28E-4C30-AC00-B2AC44FAB343}.Release|ARM.ActiveCfg = Release|ARM
		{B6101608-A28E-4C30-AC00-B2AC44FAB343}.Release|ARM.Build.0 = Release|ARM
		{B6101608-A28E-4C30-AC00-B2AC44FAB343}.Release|ARM.Deploy.0 = Release|ARM
		{B6101608-A28E-4C30-AC00-B2AC44FAB343}.Release|x64.ActiveCfg = Release|x64
		{B6101608-A28E-4C30-AC00-B2AC44FAB343}.Release|x64.Build.0 = Release|x64
		{B6101608-A28E-4C30-AC00-B2AC44FAB343}.Release|x64.Deploy.0 = Release|x64
		{B6101608-A28E-4C30-AC00-B2AC44FAB343}.Release|x86.ActiveCfg = Release|x86
		{B6101608-A28E-4C30-AC00-B2AC44FAB343}.Release|x86.Build.0 = Release|x86
		{B6101608-A28E-4C30-AC00-B2AC44FAB343}.Release|x86.Deploy.0 = Release|x86
		{02B39670-9DA7-4BF5-BE66-167C1807E5A7}.Debug|Any CPU.ActiveCfg = Debug|Any CPU
		{02B39670-9DA7-4BF5-BE66-167C1807E5A7}.Debug|Any CPU.Build.0 = Debug|Any CPU
		{02B39670-9DA7-4BF5-BE66-167C1807E5A7}.Debug|Any CPU.Deploy.0 = Debug|Any CPU
		{02B39670-9DA7-4BF5-BE66-167C1807E5A7}.Debug|ARM.ActiveCfg = Debug|Any CPU
		{02B39670-9DA7-4BF5-BE66-167C1807E5A7}.Debug|ARM.Build.0 = Debug|Any CPU
		{02B39670-9DA7-4BF5-BE66-167C1807E5A7}.Debug|ARM.Deploy.0 = Debug|Any CPU
		{02B39670-9DA7-4BF5-BE66-167C1807E5A7}.Debug|x64.ActiveCfg = Debug|Any CPU
		{02B39670-9DA7-4BF5-BE66-167C1807E5A7}.Debug|x64.Build.0 = Debug|Any CPU
		{02B39670-9DA7-4BF5-BE66-167C1807E5A7}.Debug|x64.Deploy.0 = Debug|Any CPU
		{02B39670-9DA7-4BF5-BE66-167C1807E5A7}.Debug|x86.ActiveCfg = Debug|Any CPU
		{02B39670-9DA7-4BF5-BE66-167C1807E5A7}.Debug|x86.Build.0 = Debug|Any CPU
		{02B39670-9DA7-4BF5-BE66-167C1807E5A7}.Debug|x86.Deploy.0 = Debug|Any CPU
		{02B39670-9DA7-4BF5-BE66-167C1807E5A7}.Release|Any CPU.ActiveCfg = Release|Any CPU
		{02B39670-9DA7-4BF5-BE66-167C1807E5A7}.Release|Any CPU.Build.0 = Release|Any CPU
		{02B39670-9DA7-4BF5-BE66-167C1807E5A7}.Release|Any CPU.Deploy.0 = Release|Any CPU
		{02B39670-9DA7-4BF5-BE66-167C1807E5A7}.Release|ARM.ActiveCfg = Release|Any CPU
		{02B39670-9DA7-4BF5-BE66-167C1807E5A7}.Release|ARM.Build.0 = Release|Any CPU
		{02B39670-9DA7-4BF5-BE66-167C1807E5A7}.Release|ARM.Deploy.0 = Release|Any CPU
		{02B39670-9DA7-4BF5-BE66-167C1807E5A7}.Release|x64.ActiveCfg = Release|Any CPU
		{02B39670-9DA7-4BF5-BE66-167C1807E5A7}.Release|x64.Build.0 = Release|Any CPU
		{02B39670-9DA7-4BF5-BE66-167C1807E5A7}.Release|x64.Deploy.0 = Release|Any CPU
		{02B39670-9DA7-4BF5-BE66-167C1807E5A7}.Release|x86.ActiveCfg = Release|Any CPU
		{02B39670-9DA7-4BF5-BE66-167C1807E5A7}.Release|x86.Build.0 = Release|Any CPU
		{02B39670-9DA7-4BF5-BE66-167C1807E5A7}.Release|x86.Deploy.0 = Release|Any CPU
		{8F006945-9CF3-4D37-82B5-93ABA9FDD1FD}.Debug|Any CPU.ActiveCfg = Debug|Any CPU
		{8F006945-9CF3-4D37-82B5-93ABA9FDD1FD}.Debug|Any CPU.Build.0 = Debug|Any CPU
		{8F006945-9CF3-4D37-82B5-93ABA9FDD1FD}.Debug|Any CPU.Deploy.0 = Debug|Any CPU
		{8F006945-9CF3-4D37-82B5-93ABA9FDD1FD}.Debug|ARM.ActiveCfg = Debug|Any CPU
		{8F006945-9CF3-4D37-82B5-93ABA9FDD1FD}.Debug|ARM.Build.0 = Debug|Any CPU
		{8F006945-9CF3-4D37-82B5-93ABA9FDD1FD}.Debug|ARM.Deploy.0 = Debug|Any CPU
		{8F006945-9CF3-4D37-82B5-93ABA9FDD1FD}.Debug|x64.ActiveCfg = Debug|Any CPU
		{8F006945-9CF3-4D37-82B5-93ABA9FDD1FD}.Debug|x64.Build.0 = Debug|Any CPU
		{8F006945-9CF3-4D37-82B5-93ABA9FDD1FD}.Debug|x64.Deploy.0 = Debug|Any CPU
		{8F006945-9CF3-4D37-82B5-93ABA9FDD1FD}.Debug|x86.ActiveCfg = Debug|Any CPU
		{8F006945-9CF3-4D37-82B5-93ABA9FDD1FD}.Debug|x86.Build.0 = Debug|Any CPU
		{8F006945-9CF3-4D37-82B5-93ABA9FDD1FD}.Debug|x86.Deploy.0 = Debug|Any CPU
		{8F006945-9CF3-4D37-82B5-93ABA9FDD1FD}.Release|Any CPU.ActiveCfg = Release|Any CPU
		{8F006945-9CF3-4D37-82B5-93ABA9FDD1FD}.Release|Any CPU.Build.0 = Release|Any CPU
		{8F006945-9CF3-4D37-82B5-93ABA9FDD1FD}.Release|Any CPU.Deploy.0 = Release|Any CPU
		{8F006945-9CF3-4D37-82B5-93ABA9FDD1FD}.Release|ARM.ActiveCfg = Release|Any CPU
		{8F006945-9CF3-4D37-82B5-93ABA9FDD1FD}.Release|ARM.Build.0 = Release|Any CPU
		{8F006945-9CF3-4D37-82B5-93ABA9FDD1FD}.Release|ARM.Deploy.0 = Release|Any CPU
		{8F006945-9CF3-4D37-82B5-93ABA9FDD1FD}.Release|x64.ActiveCfg = Release|Any CPU
		{8F006945-9CF3-4D37-82B5-93ABA9FDD1FD}.Release|x64.Build.0 = Release|Any CPU
		{8F006945-9CF3-4D37-82B5-93ABA9FDD1FD}.Release|x64.Deploy.0 = Release|Any CPU
		{8F006945-9CF3-4D37-82B5-93ABA9FDD1FD}.Release|x86.ActiveCfg = Release|Any CPU
		{8F006945-9CF3-4D37-82B5-93ABA9FDD1FD}.Release|x86.Build.0 = Release|Any CPU
		{8F006945-9CF3-4D37-82B5-93ABA9FDD1FD}.Release|x86.Deploy.0 = Release|Any CPU
	EndGlobalSection
	GlobalSection(SolutionProperties) = preSolution
		HideSolutionNode = FALSE
	EndGlobalSection
	GlobalSection(ExtensibilityGlobals) = postSolution
		SolutionGuid = {4466CE19-2A53-4226-A93F-30E871403670}
	EndGlobalSection
EndGlobal
